{
  "name": "void-cpp-plugin",
  "version": "1.0.0",
  "lockfileVersion": 3,
  "requires": true,
  "packages": {
    "": {
      "name": "void-cpp-plugin",
      "version": "1.0.0",
      "dependencies": {
        "@tgrv/void-runtime": "^1.0.0",
        "@tgrv/void-sdk-cpp": "^1.0.0"
      }
    },
    "node_modules/@tgrv/void-runtime": {
      "version": "1.0.0",
      "resolved": "https://registry.npmjs.org/@tgrv/void-runtime/-/void-runtime-1.0.0.tgz",
      "integrity": "sha512-TmfAcP3uCG1f80jQID/MI8hWoGD1aFzurzSuQkmq0QxAySuFWnRVzI7uXyYo+KJRavzMQbZV+x9LxvnvRE86JA=="
    },
    "node_modules/@tgrv/void-sdk-cpp": {
      "version": "1.0.1",
      "resolved": "https://registry.npmjs.org/@tgrv/void-sdk-cpp/-/void-sdk-cpp-1.0.1.tgz",
      "integrity": "sha512-f0hhmAvujQyMiW9DuKmnk3QMQmPGGGLHthbxyeCdGOCr/a6udYpjonzijXQ6XbX1C8AALLg3Ey+gzceykNzkNQ==",
      "license": "ISC"
    }
  }
}
