{
  "name": "void-cpp-plugin",
  "version": "1.0.0",
  "lockfileVersion": 3,
  "requires": true,
  "packages": {
    "": {
      "name": "void-cpp-plugin",
      "version": "1.0.0",
      "dependencies": {
        "@voidwasm/runtime": "^1.0.1",
        "@voidwasm/sdk-cpp": "^1.0.2"
      }
    },
    "node_modules/@voidwasm/runtime": {
      "version": "1.0.1",
      "resolved": "https://registry.npmjs.org/@voidwasm/runtime/-/runtime-1.0.1.tgz",
      "integrity": "sha512-zGnqcKMQKR3/5rDZF3fFgNQ+/tQto8MCp1r5M+EqnMYTf+IHg4MejAd6WfOp8gtZBHob7o783HpIn821pYPYLw=="
    },
    "node_modules/@voidwasm/sdk-cpp": {
      "version": "1.0.2",
      "resolved": "https://registry.npmjs.org/@voidwasm/sdk-cpp/-/sdk-cpp-1.0.2.tgz",
      "integrity": "sha512-J59AXnCq1ymutCRcxoDMANQ2WfpWLC/HpV+E9vufGTyw1MCQ3crrNcwNowpac7g0dA++ipeS6xwzgQhjnJDSiQ==",
      "license": "ISC"
    }
  }
}
